// !$*UTF8*$!
{
	archiveVersion = 1;
	classes = {
	};
	objectVersion = 46;
	objects = {

/* Begin PBXBuildFile section */
		BD20548A198A7D8D0047DD07 /* Foundation.framework in Frameworks */ = {isa = PBXBuildFile; fileRef = BD205489198A7D8D0047DD07 /* Foundation.framework */; };
		BD20548C198A7D8D0047DD07 /* CoreGraphics.framework in Frameworks */ = {isa = PBXBuildFile; fileRef = BD20548B198A7D8D0047DD07 /* CoreGraphics.framework */; };
		BD20548E198A7D8D0047DD07 /* UIKit.framework in Frameworks */ = {isa = PBXBuildFile; fileRef = BD20548D198A7D8D0047DD07 /* UIKit.framework */; };
		BD205490198A7D8D0047DD07 /* CoreData.framework in Frameworks */ = {isa = PBXBuildFile; fileRef = BD20548F198A7D8D0047DD07 /* CoreData.framework */; };
		BD2054A8198A7D8E0047DD07 /* XCTest.framework in Frameworks */ = {isa = PBXBuildFile; fileRef = BD2054A7198A7D8E0047DD07 /* XCTest.framework */; };
		BD2054A9198A7D8E0047DD07 /* Foundation.framework in Frameworks */ = {isa = PBXBuildFile; fileRef = BD205489198A7D8D0047DD07 /* Foundation.framework */; };
		BD2054AA198A7D8E0047DD07 /* UIKit.framework in Frameworks */ = {isa = PBXBuildFile; fileRef = BD20548D198A7D8D0047DD07 /* UIKit.framework */; };
		BD2054AB198A7D8E0047DD07 /* CoreData.framework in Frameworks */ = {isa = PBXBuildFile; fileRef = BD20548F198A7D8D0047DD07 /* CoreData.framework */; };
		BD2054B3198A7D8E0047DD07 /* InfoPlist.strings in Resources */ = {isa = PBXBuildFile; fileRef = BD2054B1198A7D8E0047DD07 /* InfoPlist.strings */; };
		BD2054C6198A802D0047DD07 /* TODOStorageManager.m in Sources */ = {isa = PBXBuildFile; fileRef = BD2054C5198A802D0047DD07 /* TODOStorageManager.m */; };
		BD2054D4198A80B30047DD07 /* TODOAppDelegate.m in Sources */ = {isa = PBXBuildFile; fileRef = BD2054CE198A80B30047DD07 /* TODOAppDelegate.m */; };
		BD2054EA198B88820047DD07 /* InfoPlist.strings in Resources */ = {isa = PBXBuildFile; fileRef = BD2054E5198B88820047DD07 /* InfoPlist.strings */; };
		BD2054EB198B88820047DD07 /* main.m in Sources */ = {isa = PBXBuildFile; fileRef = BD2054E7198B88820047DD07 /* main.m */; };
		BD2054F7198B955C0047DD07 /* TODOTaskListViewController.m in Sources */ = {isa = PBXBuildFile; fileRef = BD2054F5198B955C0047DD07 /* TODOTaskListViewController.m */; };
		BD2054F8198B955C0047DD07 /* TODOTaskListViewController.xib in Resources */ = {isa = PBXBuildFile; fileRef = BD2054F6198B955C0047DD07 /* TODOTaskListViewController.xib */; };
		BD2054FB198B9D560047DD07 /* Model.xcdatamodeld in Sources */ = {isa = PBXBuildFile; fileRef = BD2054F9198B9D560047DD07 /* Model.xcdatamodeld */; };
		BD205504198BA3A50047DD07 /* Base.m in Sources */ = {isa = PBXBuildFile; fileRef = BD205503198BA3A50047DD07 /* Base.m */; };
		BD205507198BA7750047DD07 /* Base.m in Sources */ = {isa = PBXBuildFile; fileRef = BD205503198BA3A50047DD07 /* Base.m */; };
		BD20550A198BA7750047DD07 /* TODOStorageManager.m in Sources */ = {isa = PBXBuildFile; fileRef = BD2054C5198A802D0047DD07 /* TODOStorageManager.m */; };
		BD20550E198BAE3D0047DD07 /* UserTests.m in Sources */ = {isa = PBXBuildFile; fileRef = BD20550D198BAE3D0047DD07 /* UserTests.m */; };
		BD20550F198BB0A80047DD07 /* Model.xcdatamodeld in Sources */ = {isa = PBXBuildFile; fileRef = BD2054F9198B9D560047DD07 /* Model.xcdatamodeld */; };
		BD30D1951990E00D00A3F038 /* green-background.png in Resources */ = {isa = PBXBuildFile; fileRef = BD30D1931990E00D00A3F038 /* green-background.png */; };
		BD30D1961990E00D00A3F038 /* green-background@2x.png in Resources */ = {isa = PBXBuildFile; fileRef = BD30D1941990E00D00A3F038 /* green-background@2x.png */; };
		BD3F6E9F198D655E00DFECD9 /* UIColor+TODOColors.m in Sources */ = {isa = PBXBuildFile; fileRef = BD3F6E9E198D655E00DFECD9 /* UIColor+TODOColors.m */; };
		BD3F6EA3198D670A00DFECD9 /* TODOContainerViewController.m in Sources */ = {isa = PBXBuildFile; fileRef = BD3F6EA1198D670A00DFECD9 /* TODOContainerViewController.m */; };
		BD3F6EA4198D670A00DFECD9 /* TODOContainerViewController.xib in Resources */ = {isa = PBXBuildFile; fileRef = BD3F6EA2198D670A00DFECD9 /* TODOContainerViewController.xib */; };
		BD3F6EA8198D6BAF00DFECD9 /* TODOTaskManagerViewController.m in Sources */ = {isa = PBXBuildFile; fileRef = BD3F6EA6198D6BAF00DFECD9 /* TODOTaskManagerViewController.m */; };
		BD3F6EA9198D6BAF00DFECD9 /* TODOTaskManagerViewController.xib in Resources */ = {isa = PBXBuildFile; fileRef = BD3F6EA7198D6BAF00DFECD9 /* TODOTaskManagerViewController.xib */; };
		BD3F6EAC198D6DD400DFECD9 /* UIFont+TODOFont.m in Sources */ = {isa = PBXBuildFile; fileRef = BD3F6EAB198D6DD400DFECD9 /* UIFont+TODOFont.m */; };
		BD3F6EB5198D7DD600DFECD9 /* HomeMenuIcon.png in Resources */ = {isa = PBXBuildFile; fileRef = BD3F6EAD198D7DD600DFECD9 /* HomeMenuIcon.png */; };
		BD3F6EB6198D7DD600DFECD9 /* HomeMenuIcon@2x.png in Resources */ = {isa = PBXBuildFile; fileRef = BD3F6EAE198D7DD600DFECD9 /* HomeMenuIcon@2x.png */; };
		BD3F6EB7198D7DD600DFECD9 /* SettingsMenuIcon.png in Resources */ = {isa = PBXBuildFile; fileRef = BD3F6EAF198D7DD600DFECD9 /* SettingsMenuIcon.png */; };
		BD3F6EB8198D7DD600DFECD9 /* SettingsMenuIcon@2x.png in Resources */ = {isa = PBXBuildFile; fileRef = BD3F6EB0198D7DD600DFECD9 /* SettingsMenuIcon@2x.png */; };
		BD3F6EB9198D7DD600DFECD9 /* ShoppingList_Icon.png in Resources */ = {isa = PBXBuildFile; fileRef = BD3F6EB1198D7DD600DFECD9 /* ShoppingList_Icon.png */; };
		BD3F6EBA198D7DD600DFECD9 /* ShoppingList_Icon@2x.png in Resources */ = {isa = PBXBuildFile; fileRef = BD3F6EB2198D7DD600DFECD9 /* ShoppingList_Icon@2x.png */; };
		BD3F6EBB198D7DD600DFECD9 /* taskListBackgroundImage.png in Resources */ = {isa = PBXBuildFile; fileRef = BD3F6EB3198D7DD600DFECD9 /* taskListBackgroundImage.png */; };
		BD3F6EBC198D7DD600DFECD9 /* taskListBackgroundImage@2x.png in Resources */ = {isa = PBXBuildFile; fileRef = BD3F6EB4198D7DD600DFECD9 /* taskListBackgroundImage@2x.png */; };
		BD3F6EBF198D817000DFECD9 /* UIImageView+TODOBackgroundImage.m in Sources */ = {isa = PBXBuildFile; fileRef = BD3F6EBE198D817000DFECD9 /* UIImageView+TODOBackgroundImage.m */; };
		BD697E27198F79BA00D61717 /* TODOURLConnection.m in Sources */ = {isa = PBXBuildFile; fileRef = BD697E26198F79BA00D61717 /* TODOURLConnection.m */; };
		BD697E2A198F7CDB00D61717 /* TODOAPI.m in Sources */ = {isa = PBXBuildFile; fileRef = BD697E29198F7CDB00D61717 /* TODOAPI.m */; };
		BD697E32198F7F6500D61717 /* TODOUserViewController.m in Sources */ = {isa = PBXBuildFile; fileRef = BD697E30198F7F6500D61717 /* TODOUserViewController.m */; };
		BD697E33198F7F6500D61717 /* TODOUserViewController.xib in Resources */ = {isa = PBXBuildFile; fileRef = BD697E31198F7F6500D61717 /* TODOUserViewController.xib */; };
		BDAE163B198F8755008D7AF6 /* TODOUserManager.m in Sources */ = {isa = PBXBuildFile; fileRef = BDAE163A198F8755008D7AF6 /* TODOUserManager.m */; };
		BDAE163C198F8755008D7AF6 /* TODOUserManager.m in Sources */ = {isa = PBXBuildFile; fileRef = BDAE163A198F8755008D7AF6 /* TODOUserManager.m */; };
		BDAE1648198F8C5E008D7AF6 /* User.m in Sources */ = {isa = PBXBuildFile; fileRef = BDAE1647198F8C5E008D7AF6 /* User.m */; };
		BDAE1649198F8C5E008D7AF6 /* User.m in Sources */ = {isa = PBXBuildFile; fileRef = BDAE1647198F8C5E008D7AF6 /* User.m */; };
		BDAE164C198F9569008D7AF6 /* NSString+Additions.m in Sources */ = {isa = PBXBuildFile; fileRef = BDAE164B198F9569008D7AF6 /* NSString+Additions.m */; };
		BDAE164D198F9569008D7AF6 /* NSString+Additions.m in Sources */ = {isa = PBXBuildFile; fileRef = BDAE164B198F9569008D7AF6 /* NSString+Additions.m */; };
		BDAE1650198F9ACA008D7AF6 /* TODOURLResponse.m in Sources */ = {isa = PBXBuildFile; fileRef = BDAE164F198F9ACA008D7AF6 /* TODOURLResponse.m */; };
		BDAE1651198F9ACA008D7AF6 /* TODOURLResponse.m in Sources */ = {isa = PBXBuildFile; fileRef = BDAE164F198F9ACA008D7AF6 /* TODOURLResponse.m */; };
		BDAE165D198FBCCA008D7AF6 /* Task.m in Sources */ = {isa = PBXBuildFile; fileRef = BDAE165C198FBCCA008D7AF6 /* Task.m */; };
		BDAE165E198FBCCA008D7AF6 /* Task.m in Sources */ = {isa = PBXBuildFile; fileRef = BDAE165C198FBCCA008D7AF6 /* Task.m */; };
/* End PBXBuildFile section */

/* Begin PBXContainerItemProxy section */
		BD2054AC198A7D8E0047DD07 /* PBXContainerItemProxy */ = {
			isa = PBXContainerItemProxy;
			containerPortal = BD20547E198A7D8D0047DD07 /* Project object */;
			proxyType = 1;
			remoteGlobalIDString = BD205485198A7D8D0047DD07;
			remoteInfo = ToDo;
		};
/* End PBXContainerItemProxy section */

/* Begin PBXFileReference section */
		BD205486198A7D8D0047DD07 /* ToDo.app */ = {isa = PBXFileReference; explicitFileType = wrapper.application; includeInIndex = 0; path = ToDo.app; sourceTree = BUILT_PRODUCTS_DIR; };
		BD205489198A7D8D0047DD07 /* Foundation.framework */ = {isa = PBXFileReference; lastKnownFileType = wrapper.framework; name = Foundation.framework; path = System/Library/Frameworks/Foundation.framework; sourceTree = SDKROOT; };
		BD20548B198A7D8D0047DD07 /* CoreGraphics.framework */ = {isa = PBXFileReference; lastKnownFileType = wrapper.framework; name = CoreGraphics.framework; path = System/Library/Frameworks/CoreGraphics.framework; sourceTree = SDKROOT; };
		BD20548D198A7D8D0047DD07 /* UIKit.framework */ = {isa = PBXFileReference; lastKnownFileType = wrapper.framework; name = UIKit.framework; path = System/Library/Frameworks/UIKit.framework; sourceTree = SDKROOT; };
		BD20548F198A7D8D0047DD07 /* CoreData.framework */ = {isa = PBXFileReference; lastKnownFileType = wrapper.framework; name = CoreData.framework; path = System/Library/Frameworks/CoreData.framework; sourceTree = SDKROOT; };
		BD2054A6198A7D8E0047DD07 /* ToDoTests.xctest */ = {isa = PBXFileReference; explicitFileType = wrapper.cfbundle; includeInIndex = 0; path = ToDoTests.xctest; sourceTree = BUILT_PRODUCTS_DIR; };
		BD2054A7198A7D8E0047DD07 /* XCTest.framework */ = {isa = PBXFileReference; lastKnownFileType = wrapper.framework; name = XCTest.framework; path = Library/Frameworks/XCTest.framework; sourceTree = DEVELOPER_DIR; };
		BD2054B0198A7D8E0047DD07 /* ToDoTests-Info.plist */ = {isa = PBXFileReference; lastKnownFileType = text.plist.xml; path = "ToDoTests-Info.plist"; sourceTree = "<group>"; };
		BD2054B2198A7D8E0047DD07 /* en */ = {isa = PBXFileReference; lastKnownFileType = text.plist.strings; name = en; path = en.lproj/InfoPlist.strings; sourceTree = "<group>"; };
		BD2054C4198A802D0047DD07 /* TODOStorageManager.h */ = {isa = PBXFileReference; fileEncoding = 4; lastKnownFileType = sourcecode.c.h; path = TODOStorageManager.h; sourceTree = "<group>"; };
		BD2054C5198A802D0047DD07 /* TODOStorageManager.m */ = {isa = PBXFileReference; fileEncoding = 4; lastKnownFileType = sourcecode.c.objc; path = TODOStorageManager.m; sourceTree = "<group>"; };
		BD2054CD198A80B30047DD07 /* TODOAppDelegate.h */ = {isa = PBXFileReference; fileEncoding = 4; lastKnownFileType = sourcecode.c.h; path = TODOAppDelegate.h; sourceTree = "<group>"; };
		BD2054CE198A80B30047DD07 /* TODOAppDelegate.m */ = {isa = PBXFileReference; fileEncoding = 4; lastKnownFileType = sourcecode.c.objc; path = TODOAppDelegate.m; sourceTree = "<group>"; };
		BD2054E6198B88820047DD07 /* en */ = {isa = PBXFileReference; lastKnownFileType = text.plist.strings; name = en; path = InfoPlist.strings; sourceTree = "<group>"; };
		BD2054E7198B88820047DD07 /* main.m */ = {isa = PBXFileReference; fileEncoding = 4; lastKnownFileType = sourcecode.c.objc; name = main.m; path = ToDo/main.m; sourceTree = SOURCE_ROOT; };
		BD2054E8198B88820047DD07 /* ToDo-Info.plist */ = {isa = PBXFileReference; fileEncoding = 4; lastKnownFileType = text.plist.xml; name = "ToDo-Info.plist"; path = "ToDo/ToDo-Info.plist"; sourceTree = SOURCE_ROOT; };
		BD2054E9198B88820047DD07 /* ToDo-Prefix.pch */ = {isa = PBXFileReference; fileEncoding = 4; lastKnownFileType = sourcecode.c.h; name = "ToDo-Prefix.pch"; path = "ToDo/ToDo-Prefix.pch"; sourceTree = SOURCE_ROOT; };
		BD2054F2198B93980047DD07 /* Headers.h */ = {isa = PBXFileReference; fileEncoding = 4; lastKnownFileType = sourcecode.c.h; path = Headers.h; sourceTree = "<group>"; };
		BD2054F3198B94020047DD07 /* Constants.h */ = {isa = PBXFileReference; lastKnownFileType = sourcecode.c.h; path = Constants.h; sourceTree = "<group>"; };
		BD2054F4198B955C0047DD07 /* TODOTaskListViewController.h */ = {isa = PBXFileReference; fileEncoding = 4; lastKnownFileType = sourcecode.c.h; path = TODOTaskListViewController.h; sourceTree = "<group>"; };
		BD2054F5198B955C0047DD07 /* TODOTaskListViewController.m */ = {isa = PBXFileReference; fileEncoding = 4; lastKnownFileType = sourcecode.c.objc; path = TODOTaskListViewController.m; sourceTree = "<group>"; };
		BD2054F6198B955C0047DD07 /* TODOTaskListViewController.xib */ = {isa = PBXFileReference; fileEncoding = 4; lastKnownFileType = file.xib; path = TODOTaskListViewController.xib; sourceTree = "<group>"; };
		BD2054FA198B9D560047DD07 /* Model.xcdatamodel */ = {isa = PBXFileReference; lastKnownFileType = wrapper.xcdatamodel; path = Model.xcdatamodel; sourceTree = "<group>"; };
		BD205502198BA3A50047DD07 /* Base.h */ = {isa = PBXFileReference; fileEncoding = 4; lastKnownFileType = sourcecode.c.h; path = Base.h; sourceTree = "<group>"; };
		BD205503198BA3A50047DD07 /* Base.m */ = {isa = PBXFileReference; fileEncoding = 4; lastKnownFileType = sourcecode.c.objc; path = Base.m; sourceTree = "<group>"; };
		BD20550D198BAE3D0047DD07 /* UserTests.m */ = {isa = PBXFileReference; fileEncoding = 4; lastKnownFileType = sourcecode.c.objc; path = UserTests.m; sourceTree = "<group>"; };
		BD30D1931990E00D00A3F038 /* green-background.png */ = {isa = PBXFileReference; lastKnownFileType = image.png; path = "green-background.png"; sourceTree = "<group>"; };
		BD30D1941990E00D00A3F038 /* green-background@2x.png */ = {isa = PBXFileReference; lastKnownFileType = image.png; path = "green-background@2x.png"; sourceTree = "<group>"; };
		BD3F6E9D198D655E00DFECD9 /* UIColor+TODOColors.h */ = {isa = PBXFileReference; fileEncoding = 4; lastKnownFileType = sourcecode.c.h; path = "UIColor+TODOColors.h"; sourceTree = "<group>"; };
		BD3F6E9E198D655E00DFECD9 /* UIColor+TODOColors.m */ = {isa = PBXFileReference; fileEncoding = 4; lastKnownFileType = sourcecode.c.objc; path = "UIColor+TODOColors.m"; sourceTree = "<group>"; };
		BD3F6EA0198D670A00DFECD9 /* TODOContainerViewController.h */ = {isa = PBXFileReference; fileEncoding = 4; lastKnownFileType = sourcecode.c.h; path = TODOContainerViewController.h; sourceTree = "<group>"; };
		BD3F6EA1198D670A00DFECD9 /* TODOContainerViewController.m */ = {isa = PBXFileReference; fileEncoding = 4; lastKnownFileType = sourcecode.c.objc; path = TODOContainerViewController.m; sourceTree = "<group>"; };
		BD3F6EA2198D670A00DFECD9 /* TODOContainerViewController.xib */ = {isa = PBXFileReference; fileEncoding = 4; lastKnownFileType = file.xib; path = TODOContainerViewController.xib; sourceTree = "<group>"; };
		BD3F6EA5198D6BAF00DFECD9 /* TODOTaskManagerViewController.h */ = {isa = PBXFileReference; fileEncoding = 4; lastKnownFileType = sourcecode.c.h; path = TODOTaskManagerViewController.h; sourceTree = "<group>"; };
		BD3F6EA6198D6BAF00DFECD9 /* TODOTaskManagerViewController.m */ = {isa = PBXFileReference; fileEncoding = 4; lastKnownFileType = sourcecode.c.objc; path = TODOTaskManagerViewController.m; sourceTree = "<group>"; };
		BD3F6EA7198D6BAF00DFECD9 /* TODOTaskManagerViewController.xib */ = {isa = PBXFileReference; fileEncoding = 4; lastKnownFileType = file.xib; path = TODOTaskManagerViewController.xib; sourceTree = "<group>"; };
		BD3F6EAA198D6DD400DFECD9 /* UIFont+TODOFont.h */ = {isa = PBXFileReference; fileEncoding = 4; lastKnownFileType = sourcecode.c.h; path = "UIFont+TODOFont.h"; sourceTree = "<group>"; };
		BD3F6EAB198D6DD400DFECD9 /* UIFont+TODOFont.m */ = {isa = PBXFileReference; fileEncoding = 4; lastKnownFileType = sourcecode.c.objc; path = "UIFont+TODOFont.m"; sourceTree = "<group>"; };
		BD3F6EAD198D7DD600DFECD9 /* HomeMenuIcon.png */ = {isa = PBXFileReference; lastKnownFileType = image.png; path = HomeMenuIcon.png; sourceTree = "<group>"; };
		BD3F6EAE198D7DD600DFECD9 /* HomeMenuIcon@2x.png */ = {isa = PBXFileReference; lastKnownFileType = image.png; path = "HomeMenuIcon@2x.png"; sourceTree = "<group>"; };
		BD3F6EAF198D7DD600DFECD9 /* SettingsMenuIcon.png */ = {isa = PBXFileReference; lastKnownFileType = image.png; path = SettingsMenuIcon.png; sourceTree = "<group>"; };
		BD3F6EB0198D7DD600DFECD9 /* SettingsMenuIcon@2x.png */ = {isa = PBXFileReference; lastKnownFileType = image.png; path = "SettingsMenuIcon@2x.png"; sourceTree = "<group>"; };
		BD3F6EB1198D7DD600DFECD9 /* ShoppingList_Icon.png */ = {isa = PBXFileReference; lastKnownFileType = image.png; path = ShoppingList_Icon.png; sourceTree = "<group>"; };
		BD3F6EB2198D7DD600DFECD9 /* ShoppingList_Icon@2x.png */ = {isa = PBXFileReference; lastKnownFileType = image.png; path = "ShoppingList_Icon@2x.png"; sourceTree = "<group>"; };
		BD3F6EB3198D7DD600DFECD9 /* taskListBackgroundImage.png */ = {isa = PBXFileReference; lastKnownFileType = image.png; path = taskListBackgroundImage.png; sourceTree = "<group>"; };
		BD3F6EB4198D7DD600DFECD9 /* taskListBackgroundImage@2x.png */ = {isa = PBXFileReference; lastKnownFileType = image.png; path = "taskListBackgroundImage@2x.png"; sourceTree = "<group>"; };
		BD3F6EBD198D817000DFECD9 /* UIImageView+TODOBackgroundImage.h */ = {isa = PBXFileReference; fileEncoding = 4; lastKnownFileType = sourcecode.c.h; path = "UIImageView+TODOBackgroundImage.h"; sourceTree = "<group>"; };
		BD3F6EBE198D817000DFECD9 /* UIImageView+TODOBackgroundImage.m */ = {isa = PBXFileReference; fileEncoding = 4; lastKnownFileType = sourcecode.c.objc; path = "UIImageView+TODOBackgroundImage.m"; sourceTree = "<group>"; };
		BD697E25198F79BA00D61717 /* TODOURLConnection.h */ = {isa = PBXFileReference; fileEncoding = 4; lastKnownFileType = sourcecode.c.h; path = TODOURLConnection.h; sourceTree = "<group>"; };
		BD697E26198F79BA00D61717 /* TODOURLConnection.m */ = {isa = PBXFileReference; fileEncoding = 4; lastKnownFileType = sourcecode.c.objc; path = TODOURLConnection.m; sourceTree = "<group>"; };
		BD697E28198F7CDB00D61717 /* TODOAPI.h */ = {isa = PBXFileReference; fileEncoding = 4; lastKnownFileType = sourcecode.c.h; path = TODOAPI.h; sourceTree = "<group>"; };
		BD697E29198F7CDB00D61717 /* TODOAPI.m */ = {isa = PBXFileReference; fileEncoding = 4; lastKnownFileType = sourcecode.c.objc; path = TODOAPI.m; sourceTree = "<group>"; };
		BD697E2F198F7F6500D61717 /* TODOUserViewController.h */ = {isa = PBXFileReference; fileEncoding = 4; lastKnownFileType = sourcecode.c.h; path = TODOUserViewController.h; sourceTree = "<group>"; };
		BD697E30198F7F6500D61717 /* TODOUserViewController.m */ = {isa = PBXFileReference; fileEncoding = 4; lastKnownFileType = sourcecode.c.objc; path = TODOUserViewController.m; sourceTree = "<group>"; };
		BD697E31198F7F6500D61717 /* TODOUserViewController.xib */ = {isa = PBXFileReference; fileEncoding = 4; lastKnownFileType = file.xib; path = TODOUserViewController.xib; sourceTree = "<group>"; };
		BDAE1639198F8755008D7AF6 /* TODOUserManager.h */ = {isa = PBXFileReference; fileEncoding = 4; lastKnownFileType = sourcecode.c.h; path = TODOUserManager.h; sourceTree = "<group>"; };
		BDAE163A198F8755008D7AF6 /* TODOUserManager.m */ = {isa = PBXFileReference; fileEncoding = 4; lastKnownFileType = sourcecode.c.objc; path = TODOUserManager.m; sourceTree = "<group>"; };
		BDAE163D198F8AB4008D7AF6 /* UserAPI.xcdatamodel */ = {isa = PBXFileReference; lastKnownFileType = wrapper.xcdatamodel; path = UserAPI.xcdatamodel; sourceTree = "<group>"; };
		BDAE1646198F8C5E008D7AF6 /* User.h */ = {isa = PBXFileReference; fileEncoding = 4; lastKnownFileType = sourcecode.c.h; path = User.h; sourceTree = "<group>"; };
		BDAE1647198F8C5E008D7AF6 /* User.m */ = {isa = PBXFileReference; fileEncoding = 4; lastKnownFileType = sourcecode.c.objc; path = User.m; sourceTree = "<group>"; };
		BDAE164A198F9569008D7AF6 /* NSString+Additions.h */ = {isa = PBXFileReference; fileEncoding = 4; lastKnownFileType = sourcecode.c.h; path = "NSString+Additions.h"; sourceTree = "<group>"; };
		BDAE164B198F9569008D7AF6 /* NSString+Additions.m */ = {isa = PBXFileReference; fileEncoding = 4; lastKnownFileType = sourcecode.c.objc; path = "NSString+Additions.m"; sourceTree = "<group>"; };
		BDAE164E198F9ACA008D7AF6 /* TODOURLResponse.h */ = {isa = PBXFileReference; fileEncoding = 4; lastKnownFileType = sourcecode.c.h; path = TODOURLResponse.h; sourceTree = "<group>"; };
		BDAE164F198F9ACA008D7AF6 /* TODOURLResponse.m */ = {isa = PBXFileReference; fileEncoding = 4; lastKnownFileType = sourcecode.c.objc; path = TODOURLResponse.m; sourceTree = "<group>"; };
		BDAE1652198FBB99008D7AF6 /* TaskSync.xcdatamodel */ = {isa = PBXFileReference; lastKnownFileType = wrapper.xcdatamodel; path = TaskSync.xcdatamodel; sourceTree = "<group>"; };
		BDAE165B198FBCCA008D7AF6 /* Task.h */ = {isa = PBXFileReference; fileEncoding = 4; lastKnownFileType = sourcecode.c.h; path = Task.h; sourceTree = "<group>"; };
		BDAE165C198FBCCA008D7AF6 /* Task.m */ = {isa = PBXFileReference; fileEncoding = 4; lastKnownFileType = sourcecode.c.objc; path = Task.m; sourceTree = "<group>"; };
/* End PBXFileReference section */

/* Begin PBXFrameworksBuildPhase section */
		BD205483198A7D8D0047DD07 /* Frameworks */ = {
			isa = PBXFrameworksBuildPhase;
			buildActionMask = 2147483647;
			files = (
				BD20548C198A7D8D0047DD07 /* CoreGraphics.framework in Frameworks */,
				BD205490198A7D8D0047DD07 /* CoreData.framework in Frameworks */,
				BD20548E198A7D8D0047DD07 /* UIKit.framework in Frameworks */,
				BD20548A198A7D8D0047DD07 /* Foundation.framework in Frameworks */,
			);
			runOnlyForDeploymentPostprocessing = 0;
		};
		BD2054A3198A7D8E0047DD07 /* Frameworks */ = {
			isa = PBXFrameworksBuildPhase;
			buildActionMask = 2147483647;
			files = (
				BD2054A8198A7D8E0047DD07 /* XCTest.framework in Frameworks */,
				BD2054AB198A7D8E0047DD07 /* CoreData.framework in Frameworks */,
				BD2054AA198A7D8E0047DD07 /* UIKit.framework in Frameworks */,
				BD2054A9198A7D8E0047DD07 /* Foundation.framework in Frameworks */,
			);
			runOnlyForDeploymentPostprocessing = 0;
		};
/* End PBXFrameworksBuildPhase section */

/* Begin PBXGroup section */
		BD20547D198A7D8D0047DD07 = {
			isa = PBXGroup;
			children = (
				BD205491198A7D8D0047DD07 /* ToDo */,
				BD2054AE198A7D8E0047DD07 /* ToDoTests */,
				BD205488198A7D8D0047DD07 /* Frameworks */,
				BD205487198A7D8D0047DD07 /* Products */,
			);
			sourceTree = "<group>";
		};
		BD205487198A7D8D0047DD07 /* Products */ = {
			isa = PBXGroup;
			children = (
				BD205486198A7D8D0047DD07 /* ToDo.app */,
				BD2054A6198A7D8E0047DD07 /* ToDoTests.xctest */,
			);
			name = Products;
			sourceTree = "<group>";
		};
		BD205488198A7D8D0047DD07 /* Frameworks */ = {
			isa = PBXGroup;
			children = (
				BD205489198A7D8D0047DD07 /* Foundation.framework */,
				BD20548B198A7D8D0047DD07 /* CoreGraphics.framework */,
				BD20548D198A7D8D0047DD07 /* UIKit.framework */,
				BD20548F198A7D8D0047DD07 /* CoreData.framework */,
				BD2054A7198A7D8E0047DD07 /* XCTest.framework */,
			);
			name = Frameworks;
			sourceTree = "<group>";
		};
		BD205491198A7D8D0047DD07 /* ToDo */ = {
			isa = PBXGroup;
			children = (
				BD2054C7198A80B30047DD07 /* App Delegate */,
				BD2054DF198A80FC0047DD07 /* Controllers */,
				BD2054E0198A80FC0047DD07 /* Views */,
				BD2054C2198A802D0047DD07 /* Storage Manager */,
				BD2054ED198B8FF30047DD07 /* Conectivity */,
				BD3F6E9C198D653500DFECD9 /* Categories */,
				BD2054EE198B8FF30047DD07 /* Helpers */,
				BD2054CF198A80B30047DD07 /* Resources */,
				BD2054D6198A80D80047DD07 /* Supporting Files */,
			);
			path = ToDo;
			sourceTree = "<group>";
		};
		BD2054AE198A7D8E0047DD07 /* ToDoTests */ = {
			isa = PBXGroup;
			children = (
				BD20550D198BAE3D0047DD07 /* UserTests.m */,
				BD2054AF198A7D8E0047DD07 /* Supporting Files */,
			);
			path = ToDoTests;
			sourceTree = "<group>";
		};
		BD2054AF198A7D8E0047DD07 /* Supporting Files */ = {
			isa = PBXGroup;
			children = (
				BD2054B0198A7D8E0047DD07 /* ToDoTests-Info.plist */,
				BD2054B1198A7D8E0047DD07 /* InfoPlist.strings */,
			);
			name = "Supporting Files";
			sourceTree = "<group>";
		};
		BD2054C2198A802D0047DD07 /* Storage Manager */ = {
			isa = PBXGroup;
			children = (
				BD2054C3198A802D0047DD07 /* Model */,
				BD2054C4198A802D0047DD07 /* TODOStorageManager.h */,
				BD2054C5198A802D0047DD07 /* TODOStorageManager.m */,
				BDAE1639198F8755008D7AF6 /* TODOUserManager.h */,
				BDAE163A198F8755008D7AF6 /* TODOUserManager.m */,
			);
			path = "Storage Manager";
			sourceTree = "<group>";
		};
		BD2054C3198A802D0047DD07 /* Model */ = {
			isa = PBXGroup;
			children = (
				BD2054F9198B9D560047DD07 /* Model.xcdatamodeld */,
				BDAE165B198FBCCA008D7AF6 /* Task.h */,
				BDAE165C198FBCCA008D7AF6 /* Task.m */,
				BDAE1646198F8C5E008D7AF6 /* User.h */,
				BDAE1647198F8C5E008D7AF6 /* User.m */,
				BD205502198BA3A50047DD07 /* Base.h */,
				BD205503198BA3A50047DD07 /* Base.m */,
			);
			path = Model;
			sourceTree = "<group>";
		};
		BD2054C7198A80B30047DD07 /* App Delegate */ = {
			isa = PBXGroup;
			children = (
				BD2054CD198A80B30047DD07 /* TODOAppDelegate.h */,
				BD2054CE198A80B30047DD07 /* TODOAppDelegate.m */,
			);
			path = "App Delegate";
			sourceTree = "<group>";
		};
		BD2054CF198A80B30047DD07 /* Resources */ = {
			isa = PBXGroup;
			children = (
				BD30D1931990E00D00A3F038 /* green-background.png */,
				BD30D1941990E00D00A3F038 /* green-background@2x.png */,
				BD3F6EAD198D7DD600DFECD9 /* HomeMenuIcon.png */,
				BD3F6EAE198D7DD600DFECD9 /* HomeMenuIcon@2x.png */,
				BD3F6EAF198D7DD600DFECD9 /* SettingsMenuIcon.png */,
				BD3F6EB0198D7DD600DFECD9 /* SettingsMenuIcon@2x.png */,
				BD3F6EB1198D7DD600DFECD9 /* ShoppingList_Icon.png */,
				BD3F6EB2198D7DD600DFECD9 /* ShoppingList_Icon@2x.png */,
				BD3F6EB3198D7DD600DFECD9 /* taskListBackgroundImage.png */,
				BD3F6EB4198D7DD600DFECD9 /* taskListBackgroundImage@2x.png */,
			);
			path = Resources;
			sourceTree = "<group>";
		};
		BD2054D6198A80D80047DD07 /* Supporting Files */ = {
			isa = PBXGroup;
			children = (
				BD2054E4198B88820047DD07 /* en.lproj */,
				BD2054E7198B88820047DD07 /* main.m */,
				BD2054E8198B88820047DD07 /* ToDo-Info.plist */,
				BD2054E9198B88820047DD07 /* ToDo-Prefix.pch */,
			);
			path = "Supporting Files";
			sourceTree = "<group>";
		};
		BD2054DF198A80FC0047DD07 /* Controllers */ = {
			isa = PBXGroup;
			children = (
				BD3F6EA0198D670A00DFECD9 /* TODOContainerViewController.h */,
				BD3F6EA1198D670A00DFECD9 /* TODOContainerViewController.m */,
				BD3F6EA2198D670A00DFECD9 /* TODOContainerViewController.xib */,
				BD2054F4198B955C0047DD07 /* TODOTaskListViewController.h */,
				BD2054F5198B955C0047DD07 /* TODOTaskListViewController.m */,
				BD2054F6198B955C0047DD07 /* TODOTaskListViewController.xib */,
				BD3F6EA5198D6BAF00DFECD9 /* TODOTaskManagerViewController.h */,
				BD3F6EA6198D6BAF00DFECD9 /* TODOTaskManagerViewController.m */,
				BD3F6EA7198D6BAF00DFECD9 /* TODOTaskManagerViewController.xib */,
				BD697E2F198F7F6500D61717 /* TODOUserViewController.h */,
				BD697E30198F7F6500D61717 /* TODOUserViewController.m */,
				BD697E31198F7F6500D61717 /* TODOUserViewController.xib */,
			);
			path = Controllers;
			sourceTree = "<group>";
		};
		BD2054E0198A80FC0047DD07 /* Views */ = {
			isa = PBXGroup;
			children = (
			);
			path = Views;
			sourceTree = "<group>";
		};
		BD2054E4198B88820047DD07 /* en.lproj */ = {
			isa = PBXGroup;
			children = (
				BD2054E5198B88820047DD07 /* InfoPlist.strings */,
			);
			name = en.lproj;
			path = ToDo/en.lproj;
			sourceTree = SOURCE_ROOT;
		};
		BD2054ED198B8FF30047DD07 /* Conectivity */ = {
			isa = PBXGroup;
			children = (
				BD697E25198F79BA00D61717 /* TODOURLConnection.h */,
				BD697E26198F79BA00D61717 /* TODOURLConnection.m */,
				BD697E28198F7CDB00D61717 /* TODOAPI.h */,
				BD697E29198F7CDB00D61717 /* TODOAPI.m */,
				BDAE164E198F9ACA008D7AF6 /* TODOURLResponse.h */,
				BDAE164F198F9ACA008D7AF6 /* TODOURLResponse.m */,
			);
			path = Conectivity;
			sourceTree = "<group>";
		};
		BD2054EE198B8FF30047DD07 /* Helpers */ = {
			isa = PBXGroup;
			children = (
				BD2054F2198B93980047DD07 /* Headers.h */,
				BD2054F3198B94020047DD07 /* Constants.h */,
			);
			path = Helpers;
			sourceTree = "<group>";
		};
		BD3F6E9C198D653500DFECD9 /* Categories */ = {
			isa = PBXGroup;
			children = (
				BD3F6E9D198D655E00DFECD9 /* UIColor+TODOColors.h */,
				BD3F6E9E198D655E00DFECD9 /* UIColor+TODOColors.m */,
				BD3F6EAA198D6DD400DFECD9 /* UIFont+TODOFont.h */,
				BD3F6EAB198D6DD400DFECD9 /* UIFont+TODOFont.m */,
				BD3F6EBD198D817000DFECD9 /* UIImageView+TODOBackgroundImage.h */,
				BD3F6EBE198D817000DFECD9 /* UIImageView+TODOBackgroundImage.m */,
				BDAE164A198F9569008D7AF6 /* NSString+Additions.h */,
				BDAE164B198F9569008D7AF6 /* NSString+Additions.m */,
			);
			path = Categories;
			sourceTree = "<group>";
		};
/* End PBXGroup section */

/* Begin PBXNativeTarget section */
		BD205485198A7D8D0047DD07 /* ToDo */ = {
			isa = PBXNativeTarget;
			buildConfigurationList = BD2054B8198A7D8E0047DD07 /* Build configuration list for PBXNativeTarget "ToDo" */;
			buildPhases = (
				BD205482198A7D8D0047DD07 /* Sources */,
				BD205483198A7D8D0047DD07 /* Frameworks */,
				BD205484198A7D8D0047DD07 /* Resources */,
			);
			buildRules = (
			);
			dependencies = (
			);
			name = ToDo;
			productName = ToDo;
			productReference = BD205486198A7D8D0047DD07 /* ToDo.app */;
			productType = "com.apple.product-type.application";
		};
		BD2054A5198A7D8E0047DD07 /* ToDoTests */ = {
			isa = PBXNativeTarget;
			buildConfigurationList = BD2054BB198A7D8E0047DD07 /* Build configuration list for PBXNativeTarget "ToDoTests" */;
			buildPhases = (
				BD2054A2198A7D8E0047DD07 /* Sources */,
				BD2054A3198A7D8E0047DD07 /* Frameworks */,
				BD2054A4198A7D8E0047DD07 /* Resources */,
			);
			buildRules = (
			);
			dependencies = (
				BD2054AD198A7D8E0047DD07 /* PBXTargetDependency */,
			);
			name = ToDoTests;
			productName = ToDoTests;
			productReference = BD2054A6198A7D8E0047DD07 /* ToDoTests.xctest */;
			productType = "com.apple.product-type.bundle.unit-test";
		};
/* End PBXNativeTarget section */

/* Begin PBXProject section */
		BD20547E198A7D8D0047DD07 /* Project object */ = {
			isa = PBXProject;
			attributes = {
				CLASSPREFIX = TODO;
				LastUpgradeCheck = 0510;
				ORGANIZATIONNAME = "Stan Alexandru";
				TargetAttributes = {
					BD2054A5198A7D8E0047DD07 = {
						TestTargetID = BD205485198A7D8D0047DD07;
					};
				};
			};
			buildConfigurationList = BD205481198A7D8D0047DD07 /* Build configuration list for PBXProject "ToDo" */;
			compatibilityVersion = "Xcode 3.2";
			developmentRegion = English;
			hasScannedForEncodings = 0;
			knownRegions = (
				en,
			);
			mainGroup = BD20547D198A7D8D0047DD07;
			productRefGroup = BD205487198A7D8D0047DD07 /* Products */;
			projectDirPath = "";
			projectRoot = "";
			targets = (
				BD205485198A7D8D0047DD07 /* ToDo */,
				BD2054A5198A7D8E0047DD07 /* ToDoTests */,
			);
		};
/* End PBXProject section */

/* Begin PBXResourcesBuildPhase section */
		BD205484198A7D8D0047DD07 /* Resources */ = {
			isa = PBXResourcesBuildPhase;
			buildActionMask = 2147483647;
			files = (
				BD2054F8198B955C0047DD07 /* TODOTaskListViewController.xib in Resources */,
				BD3F6EBC198D7DD600DFECD9 /* taskListBackgroundImage@2x.png in Resources */,
				BD697E33198F7F6500D61717 /* TODOUserViewController.xib in Resources */,
				BD30D1961990E00D00A3F038 /* green-background@2x.png in Resources */,
				BD3F6EBA198D7DD600DFECD9 /* ShoppingList_Icon@2x.png in Resources */,
				BD3F6EB5198D7DD600DFECD9 /* HomeMenuIcon.png in Resources */,
				BD3F6EA9198D6BAF00DFECD9 /* TODOTaskManagerViewController.xib in Resources */,
				BD3F6EB8198D7DD600DFECD9 /* SettingsMenuIcon@2x.png in Resources */,
				BD3F6EA4198D670A00DFECD9 /* TODOContainerViewController.xib in Resources */,
				BD3F6EB7198D7DD600DFECD9 /* SettingsMenuIcon.png in Resources */,
				BD30D1951990E00D00A3F038 /* green-background.png in Resources */,
				BD3F6EB9198D7DD600DFECD9 /* ShoppingList_Icon.png in Resources */,
				BD2054EA198B88820047DD07 /* InfoPlist.strings in Resources */,
				BD3F6EBB198D7DD600DFECD9 /* taskListBackgroundImage.png in Resources */,
				BD3F6EB6198D7DD600DFECD9 /* HomeMenuIcon@2x.png in Resources */,
			);
			runOnlyForDeploymentPostprocessing = 0;
		};
		BD2054A4198A7D8E0047DD07 /* Resources */ = {
			isa = PBXResourcesBuildPhase;
			buildActionMask = 2147483647;
			files = (
				BD2054B3198A7D8E0047DD07 /* InfoPlist.strings in Resources */,
			);
			runOnlyForDeploymentPostprocessing = 0;
		};
/* End PBXResourcesBuildPhase section */

/* Begin PBXSourcesBuildPhase section */
		BD205482198A7D8D0047DD07 /* Sources */ = {
			isa = PBXSourcesBuildPhase;
			buildActionMask = 2147483647;
			files = (
				BD2054F7198B955C0047DD07 /* TODOTaskListViewController.m in Sources */,
				BDAE165D198FBCCA008D7AF6 /* Task.m in Sources */,
				BDAE1650198F9ACA008D7AF6 /* TODOURLResponse.m in Sources */,
				BD697E2A198F7CDB00D61717 /* TODOAPI.m in Sources */,
				BD3F6E9F198D655E00DFECD9 /* UIColor+TODOColors.m in Sources */,
				BD697E27198F79BA00D61717 /* TODOURLConnection.m in Sources */,
				BDAE1648198F8C5E008D7AF6 /* User.m in Sources */,
				BD3F6EA8198D6BAF00DFECD9 /* TODOTaskManagerViewController.m in Sources */,
				BD2054C6198A802D0047DD07 /* TODOStorageManager.m in Sources */,
				BD697E32198F7F6500D61717 /* TODOUserViewController.m in Sources */,
				BD2054FB198B9D560047DD07 /* Model.xcdatamodeld in Sources */,
				BD3F6EA3198D670A00DFECD9 /* TODOContainerViewController.m in Sources */,
				BD205504198BA3A50047DD07 /* Base.m in Sources */,
				BDAE164C198F9569008D7AF6 /* NSString+Additions.m in Sources */,
				BD2054EB198B88820047DD07 /* main.m in Sources */,
				BD3F6EAC198D6DD400DFECD9 /* UIFont+TODOFont.m in Sources */,
				BD3F6EBF198D817000DFECD9 /* UIImageView+TODOBackgroundImage.m in Sources */,
				BDAE163B198F8755008D7AF6 /* TODOUserManager.m in Sources */,
				BD2054D4198A80B30047DD07 /* TODOAppDelegate.m in Sources */,
			);
			runOnlyForDeploymentPostprocessing = 0;
		};
		BD2054A2198A7D8E0047DD07 /* Sources */ = {
			isa = PBXSourcesBuildPhase;
			buildActionMask = 2147483647;
			files = (
				BDAE164D198F9569008D7AF6 /* NSString+Additions.m in Sources */,
				BDAE1649198F8C5E008D7AF6 /* User.m in Sources */,
				BD205507198BA7750047DD07 /* Base.m in Sources */,
				BD20550F198BB0A80047DD07 /* Model.xcdatamodeld in Sources */,
				BD20550E198BAE3D0047DD07 /* UserTests.m in Sources */,
				BDAE163C198F8755008D7AF6 /* TODOUserManager.m in Sources */,
				BD20550A198BA7750047DD07 /* TODOStorageManager.m in Sources */,
				BDAE165E198FBCCA008D7AF6 /* Task.m in Sources */,
				BDAE1651198F9ACA008D7AF6 /* TODOURLResponse.m in Sources */,
			);
			runOnlyForDeploymentPostprocessing = 0;
		};
/* End PBXSourcesBuildPhase section */

/* Begin PBXTargetDependency section */
		BD2054AD198A7D8E0047DD07 /* PBXTargetDependency */ = {
			isa = PBXTargetDependency;
			target = BD205485198A7D8D0047DD07 /* ToDo */;
			targetProxy = BD2054AC198A7D8E0047DD07 /* PBXContainerItemProxy */;
		};
/* End PBXTargetDependency section */

/* Begin PBXVariantGroup section */
		BD2054B1198A7D8E0047DD07 /* InfoPlist.strings */ = {
			isa = PBXVariantGroup;
			children = (
				BD2054B2198A7D8E0047DD07 /* en */,
			);
			name = InfoPlist.strings;
			sourceTree = "<group>";
		};
		BD2054E5198B88820047DD07 /* InfoPlist.strings */ = {
			isa = PBXVariantGroup;
			children = (
				BD2054E6198B88820047DD07 /* en */,
			);
			name = InfoPlist.strings;
			sourceTree = "<group>";
		};
/* End PBXVariantGroup section */

/* Begin XCBuildConfiguration section */
		BD2054B6198A7D8E0047DD07 /* Debug */ = {
			isa = XCBuildConfiguration;
			buildSettings = {
				ALWAYS_SEARCH_USER_PATHS = NO;
				CLANG_CXX_LANGUAGE_STANDARD = "gnu++0x";
				CLANG_CXX_LIBRARY = "libc++";
				CLANG_ENABLE_MODULES = YES;
				CLANG_ENABLE_OBJC_ARC = YES;
				CLANG_WARN_BOOL_CONVERSION = YES;
				CLANG_WARN_CONSTANT_CONVERSION = YES;
				CLANG_WARN_DIRECT_OBJC_ISA_USAGE = YES_ERROR;
				CLANG_WARN_EMPTY_BODY = YES;
				CLANG_WARN_ENUM_CONVERSION = YES;
				CLANG_WARN_INT_CONVERSION = YES;
				CLANG_WARN_OBJC_ROOT_CLASS = YES_ERROR;
				CLANG_WARN__DUPLICATE_METHOD_MATCH = YES;
				"CODE_SIGN_IDENTITY[sdk=iphoneos*]" = "iPhone Developer";
				COPY_PHASE_STRIP = NO;
				GCC_C_LANGUAGE_STANDARD = gnu99;
				GCC_DYNAMIC_NO_PIC = NO;
				GCC_OPTIMIZATION_LEVEL = 0;
				GCC_PREPROCESSOR_DEFINITIONS = (
					"DEBUG=1",
					"$(inherited)",
				);
				GCC_SYMBOLS_PRIVATE_EXTERN = NO;
				GCC_WARN_64_TO_32_BIT_CONVERSION = YES;
				GCC_WARN_ABOUT_RETURN_TYPE = YES_ERROR;
				GCC_WARN_UNDECLARED_SELECTOR = YES;
				GCC_WARN_UNINITIALIZED_AUTOS = YES_AGGRESSIVE;
				GCC_WARN_UNUSED_FUNCTION = YES;
				GCC_WARN_UNUSED_VARIABLE = YES;
				IPHONEOS_DEPLOYMENT_TARGET = 7.1;
				ONLY_ACTIVE_ARCH = YES;
				SDKROOT = iphoneos;
			};
			name = Debug;
		};
		BD2054B7198A7D8E0047DD07 /* Release */ = {
			isa = XCBuildConfiguration;
			buildSettings = {
				ALWAYS_SEARCH_USER_PATHS = NO;
				CLANG_CXX_LANGUAGE_STANDARD = "gnu++0x";
				CLANG_CXX_LIBRARY = "libc++";
				CLANG_ENABLE_MODULES = YES;
				CLANG_ENABLE_OBJC_ARC = YES;
				CLANG_WARN_BOOL_CONVERSION = YES;
				CLANG_WARN_CONSTANT_CONVERSION = YES;
				CLANG_WARN_DIRECT_OBJC_ISA_USAGE = YES_ERROR;
				CLANG_WARN_EMPTY_BODY = YES;
				CLANG_WARN_ENUM_CONVERSION = YES;
				CLANG_WARN_INT_CONVERSION = YES;
				CLANG_WARN_OBJC_ROOT_CLASS = YES_ERROR;
				CLANG_WARN__DUPLICATE_METHOD_MATCH = YES;
				"CODE_SIGN_IDENTITY[sdk=iphoneos*]" = "iPhone Developer";
				COPY_PHASE_STRIP = YES;
				ENABLE_NS_ASSERTIONS = NO;
				GCC_C_LANGUAGE_STANDARD = gnu99;
				GCC_WARN_64_TO_32_BIT_CONVERSION = YES;
				GCC_WARN_ABOUT_RETURN_TYPE = YES_ERROR;
				GCC_WARN_UNDECLARED_SELECTOR = YES;
				GCC_WARN_UNINITIALIZED_AUTOS = YES_AGGRESSIVE;
				GCC_WARN_UNUSED_FUNCTION = YES;
				GCC_WARN_UNUSED_VARIABLE = YES;
				IPHONEOS_DEPLOYMENT_TARGET = 7.1;
				SDKROOT = iphoneos;
				VALIDATE_PRODUCT = YES;
			};
			name = Release;
		};
		BD2054B9198A7D8E0047DD07 /* Debug */ = {
			isa = XCBuildConfiguration;
			buildSettings = {
				ASSETCATALOG_COMPILER_APPICON_NAME = AppIcon;
				ASSETCATALOG_COMPILER_LAUNCHIMAGE_NAME = LaunchImage;
				CODE_SIGN_IDENTITY = "iPhone Developer: Alexandru Stan (ERGM3KEV5Q)";
				GCC_PRECOMPILE_PREFIX_HEADER = YES;
				GCC_PREFIX_HEADER = "ToDo/ToDo-Prefix.pch";
				INFOPLIST_FILE = "ToDo/ToDo-Info.plist";
				PRODUCT_NAME = "$(TARGET_NAME)";
				WRAPPER_EXTENSION = app;
			};
			name = Debug;
		};
		BD2054BA198A7D8E0047DD07 /* Release */ = {
			isa = XCBuildConfiguration;
			buildSettings = {
				ASSETCATALOG_COMPILER_APPICON_NAME = AppIcon;
				ASSETCATALOG_COMPILER_LAUNCHIMAGE_NAME = LaunchImage;
				GCC_PRECOMPILE_PREFIX_HEADER = YES;
				GCC_PREFIX_HEADER = "ToDo/ToDo-Prefix.pch";
				INFOPLIST_FILE = "ToDo/ToDo-Info.plist";
				PRODUCT_NAME = "$(TARGET_NAME)";
				WRAPPER_EXTENSION = app;
			};
			name = Release;
		};
		BD2054BC198A7D8E0047DD07 /* Debug */ = {
			isa = XCBuildConfiguration;
			buildSettings = {
				BUNDLE_LOADER = "$(BUILT_PRODUCTS_DIR)/ToDo.app/ToDo";
				FRAMEWORK_SEARCH_PATHS = (
					"$(SDKROOT)/Developer/Library/Frameworks",
					"$(inherited)",
					"$(DEVELOPER_FRAMEWORKS_DIR)",
				);
				GCC_PRECOMPILE_PREFIX_HEADER = YES;
				GCC_PREFIX_HEADER = "ToDo/ToDo-Prefix.pch";
				GCC_PREPROCESSOR_DEFINITIONS = (
					"DEBUG=1",
					"$(inherited)",
				);
				INFOPLIST_FILE = "ToDoTests/ToDoTests-Info.plist";
				PRODUCT_NAME = "$(TARGET_NAME)";
				TEST_HOST = "$(BUNDLE_LOADER)";
				WRAPPER_EXTENSION = xctest;
			};
			name = Debug;
		};
		BD2054BD198A7D8E0047DD07 /* Release */ = {
			isa = XCBuildConfiguration;
			buildSettings = {
				BUNDLE_LOADER = "$(BUILT_PRODUCTS_DIR)/ToDo.app/ToDo";
				FRAMEWORK_SEARCH_PATHS = (
					"$(SDKROOT)/Developer/Library/Frameworks",
					"$(inherited)",
					"$(DEVELOPER_FRAMEWORKS_DIR)",
				);
				GCC_PRECOMPILE_PREFIX_HEADER = YES;
				GCC_PREFIX_HEADER = "ToDo/ToDo-Prefix.pch";
				INFOPLIST_FILE = "ToDoTests/ToDoTests-Info.plist";
				PRODUCT_NAME = "$(TARGET_NAME)";
				TEST_HOST = "$(BUNDLE_LOADER)";
				WRAPPER_EXTENSION = xctest;
			};
			name = Release;
		};
/* End XCBuildConfiguration section */

/* Begin XCConfigurationList section */
		BD205481198A7D8D0047DD07 /* Build configuration list for PBXProject "ToDo" */ = {
			isa = XCConfigurationList;
			buildConfigurations = (
				BD2054B6198A7D8E0047DD07 /* Debug */,
				BD2054B7198A7D8E0047DD07 /* Release */,
			);
			defaultConfigurationIsVisible = 0;
			defaultConfigurationName = Release;
		};
		BD2054B8198A7D8E0047DD07 /* Build configuration list for PBXNativeTarget "ToDo" */ = {
			isa = XCConfigurationList;
			buildConfigurations = (
				BD2054B9198A7D8E0047DD07 /* Debug */,
				BD2054BA198A7D8E0047DD07 /* Release */,
			);
			defaultConfigurationIsVisible = 0;
			defaultConfigurationName = Release;
		};
		BD2054BB198A7D8E0047DD07 /* Build configuration list for PBXNativeTarget "ToDoTests" */ = {
			isa = XCConfigurationList;
			buildConfigurations = (
				BD2054BC198A7D8E0047DD07 /* Debug */,
				BD2054BD198A7D8E0047DD07 /* Release */,
			);
			defaultConfigurationIsVisible = 0;
			defaultConfigurationName = Release;
		};
/* End XCConfigurationList section */

/* Begin XCVersionGroup section */
		BD2054F9198B9D560047DD07 /* Model.xcdatamodeld */ = {
			isa = XCVersionGroup;
			children = (
				BDAE1652198FBB99008D7AF6 /* TaskSync.xcdatamodel */,
				BDAE163D198F8AB4008D7AF6 /* UserAPI.xcdatamodel */,
				BD2054FA198B9D560047DD07 /* Model.xcdatamodel */,
			);
			currentVersion = BDAE1652198FBB99008D7AF6 /* TaskSync.xcdatamodel */;
			path = Model.xcdatamodeld;
			sourceTree = "<group>";
			versionGroupType = wrapper.xcdatamodel;
		};
/* End XCVersionGroup section */
	};
	rootObject = BD20547E198A7D8D0047DD07 /* Project object */;
}
